// !$*UTF8*$!
{
	archiveVersion = 1;
	classes = {
	};
	objectVersion = 56;
	objects = {

/* Begin PBXBuildFile section */
		23B515472A78340900D21030 /* NewsCollectionViewCell.swift in Sources */ = {isa = PBXBuildFile; fileRef = 23B515452A78340900D21030 /* NewsCollectionViewCell.swift */; };
		23B515482A78340900D21030 /* NewsCollectionViewCell.xib in Resources */ = {isa = PBXBuildFile; fileRef = 23B515462A78340900D21030 /* NewsCollectionViewCell.xib */; };
		23B5154C2A78E16100D21030 /* File.swift in Sources */ = {isa = PBXBuildFile; fileRef = 23B5154B2A78E16100D21030 /* File.swift */; };
		23EE16892A7742DF00C0F3CD /* CaffeTableViewCell.swift in Sources */ = {isa = PBXBuildFile; fileRef = 23EE16872A7742DF00C0F3CD /* CaffeTableViewCell.swift */; };
		23EE168A2A7742DF00C0F3CD /* CaffeTableViewCell.xib in Resources */ = {isa = PBXBuildFile; fileRef = 23EE16882A7742DF00C0F3CD /* CaffeTableViewCell.xib */; };
		23EE168D2A779DDA00C0F3CD /* CaffeModel.swift in Sources */ = {isa = PBXBuildFile; fileRef = 23EE168C2A779DDA00C0F3CD /* CaffeModel.swift */; };
		23EE16912A77CD4500C0F3CD /* CaffeDetailedViewController.swift in Sources */ = {isa = PBXBuildFile; fileRef = 23EE168F2A77CD4500C0F3CD /* CaffeDetailedViewController.swift */; };
		23EE16922A77CD4500C0F3CD /* CaffeDetailedViewController.xib in Resources */ = {isa = PBXBuildFile; fileRef = 23EE16902A77CD4500C0F3CD /* CaffeDetailedViewController.xib */; };
		23FFE9892A746AEC0099C07E /* AppDelegate.swift in Sources */ = {isa = PBXBuildFile; fileRef = 23FFE9882A746AEC0099C07E /* AppDelegate.swift */; };
		23FFE98B2A746AEC0099C07E /* SceneDelegate.swift in Sources */ = {isa = PBXBuildFile; fileRef = 23FFE98A2A746AEC0099C07E /* SceneDelegate.swift */; };
		23FFE98D2A746AEC0099C07E /* MainViewController.swift in Sources */ = {isa = PBXBuildFile; fileRef = 23FFE98C2A746AEC0099C07E /* MainViewController.swift */; };
		23FFE9902A746AEC0099C07E /* Main.storyboard in Resources */ = {isa = PBXBuildFile; fileRef = 23FFE98E2A746AEC0099C07E /* Main.storyboard */; };
		23FFE9922A746AEF0099C07E /* Assets.xcassets in Resources */ = {isa = PBXBuildFile; fileRef = 23FFE9912A746AEF0099C07E /* Assets.xcassets */; };
		23FFE9952A746AEF0099C07E /* LaunchScreen.storyboard in Resources */ = {isa = PBXBuildFile; fileRef = 23FFE9932A746AEF0099C07E /* LaunchScreen.storyboard */; };
		23FFE99D2A746B790099C07E /* TabBarController.swift in Sources */ = {isa = PBXBuildFile; fileRef = 23FFE99C2A746B790099C07E /* TabBarController.swift */; };
		23FFE99F2A746C850099C07E /* TabBarWithCorners.swift in Sources */ = {isa = PBXBuildFile; fileRef = 23FFE99E2A746C850099C07E /* TabBarWithCorners.swift */; };
		23FFE9A12A7504CE0099C07E /* CaffeViewController.swift in Sources */ = {isa = PBXBuildFile; fileRef = 23FFE9A02A7504CE0099C07E /* CaffeViewController.swift */; };
		23FFE9A32A7504F10099C07E /* QRViewController.swift in Sources */ = {isa = PBXBuildFile; fileRef = 23FFE9A22A7504F10099C07E /* QRViewController.swift */; };
/* End PBXBuildFile section */

/* Begin PBXFileReference section */
		23B515452A78340900D21030 /* NewsCollectionViewCell.swift */ = {isa = PBXFileReference; lastKnownFileType = sourcecode.swift; path = NewsCollectionViewCell.swift; sourceTree = "<group>"; };
		23B515462A78340900D21030 /* NewsCollectionViewCell.xib */ = {isa = PBXFileReference; lastKnownFileType = file.xib; path = NewsCollectionViewCell.xib; sourceTree = "<group>"; };
		23B5154B2A78E16100D21030 /* File.swift */ = {isa = PBXFileReference; lastKnownFileType = sourcecode.swift; path = File.swift; sourceTree = "<group>"; };
		23EE16872A7742DF00C0F3CD /* CaffeTableViewCell.swift */ = {isa = PBXFileReference; lastKnownFileType = sourcecode.swift; path = CaffeTableViewCell.swift; sourceTree = "<group>"; };
		23EE16882A7742DF00C0F3CD /* CaffeTableViewCell.xib */ = {isa = PBXFileReference; lastKnownFileType = file.xib; path = CaffeTableViewCell.xib; sourceTree = "<group>"; };
		23EE168C2A779DDA00C0F3CD /* CaffeModel.swift */ = {isa = PBXFileReference; lastKnownFileType = sourcecode.swift; path = CaffeModel.swift; sourceTree = "<group>"; };
		23EE168F2A77CD4500C0F3CD /* CaffeDetailedViewController.swift */ = {isa = PBXFileReference; lastKnownFileType = sourcecode.swift; path = CaffeDetailedViewController.swift; sourceTree = "<group>"; };
		23EE16902A77CD4500C0F3CD /* CaffeDetailedViewController.xib */ = {isa = PBXFileReference; lastKnownFileType = file.xib; path = CaffeDetailedViewController.xib; sourceTree = "<group>"; };
		23FFE9852A746AEC0099C07E /* Coffe Test App.app */ = {isa = PBXFileReference; explicitFileType = wrapper.application; includeInIndex = 0; path = "Coffe Test App.app"; sourceTree = BUILT_PRODUCTS_DIR; };
		23FFE9882A746AEC0099C07E /* AppDelegate.swift */ = {isa = PBXFileReference; lastKnownFileType = sourcecode.swift; path = AppDelegate.swift; sourceTree = "<group>"; };
		23FFE98A2A746AEC0099C07E /* SceneDelegate.swift */ = {isa = PBXFileReference; lastKnownFileType = sourcecode.swift; path = SceneDelegate.swift; sourceTree = "<group>"; };
		23FFE98C2A746AEC0099C07E /* MainViewController.swift */ = {isa = PBXFileReference; lastKnownFileType = sourcecode.swift; path = MainViewController.swift; sourceTree = "<group>"; };
		23FFE98F2A746AEC0099C07E /* Base */ = {isa = PBXFileReference; lastKnownFileType = file.storyboard; name = Base; path = Base.lproj/Main.storyboard; sourceTree = "<group>"; };
		23FFE9912A746AEF0099C07E /* Assets.xcassets */ = {isa = PBXFileReference; lastKnownFileType = folder.assetcatalog; path = Assets.xcassets; sourceTree = "<group>"; };
		23FFE9942A746AEF0099C07E /* Base */ = {isa = PBXFileReference; lastKnownFileType = file.storyboard; name = Base; path = Base.lproj/LaunchScreen.storyboard; sourceTree = "<group>"; };
		23FFE9962A746AEF0099C07E /* Info.plist */ = {isa = PBXFileReference; lastKnownFileType = text.plist.xml; path = Info.plist; sourceTree = "<group>"; };
		23FFE99C2A746B790099C07E /* TabBarController.swift */ = {isa = PBXFileReference; lastKnownFileType = sourcecode.swift; path = TabBarController.swift; sourceTree = "<group>"; };
		23FFE99E2A746C850099C07E /* TabBarWithCorners.swift */ = {isa = PBXFileReference; lastKnownFileType = sourcecode.swift; path = TabBarWithCorners.swift; sourceTree = "<group>"; };
		23FFE9A02A7504CE0099C07E /* CaffeViewController.swift */ = {isa = PBXFileReference; lastKnownFileType = sourcecode.swift; path = CaffeViewController.swift; sourceTree = "<group>"; };
		23FFE9A22A7504F10099C07E /* QRViewController.swift */ = {isa = PBXFileReference; lastKnownFileType = sourcecode.swift; path = QRViewController.swift; sourceTree = "<group>"; };
/* End PBXFileReference section */

/* Begin PBXFrameworksBuildPhase section */
		23FFE9822A746AEC0099C07E /* Frameworks */ = {
			isa = PBXFrameworksBuildPhase;
			buildActionMask = 2147483647;
			files = (
			);
			runOnlyForDeploymentPostprocessing = 0;
		};
/* End PBXFrameworksBuildPhase section */

/* Begin PBXGroup section */
		23B515492A78340E00D21030 /* Cell */ = {
			isa = PBXGroup;
			children = (
				23B515452A78340900D21030 /* NewsCollectionViewCell.swift */,
				23B515462A78340900D21030 /* NewsCollectionViewCell.xib */,
			);
			path = Cell;
			sourceTree = "<group>";
		};
		23B5154A2A78E12A00D21030 /* Model */ = {
			isa = PBXGroup;
			children = (
				23B5154B2A78E16100D21030 /* File.swift */,
			);
			path = Model;
			sourceTree = "<group>";
		};
		23EE16822A7741F100C0F3CD /* Tabbar */ = {
			isa = PBXGroup;
			children = (
				23FFE99E2A746C850099C07E /* TabBarWithCorners.swift */,
				23FFE99C2A746B790099C07E /* TabBarController.swift */,
			);
			path = Tabbar;
			sourceTree = "<group>";
		};
		23EE16832A77421100C0F3CD /* Main Screen */ = {
			isa = PBXGroup;
			children = (
				23FFE98C2A746AEC0099C07E /* MainViewController.swift */,
				23B5154A2A78E12A00D21030 /* Model */,
				23B515492A78340E00D21030 /* Cell */,
			);
			path = "Main Screen";
			sourceTree = "<group>";
		};
		23EE16842A77422300C0F3CD /* Caffe List Screen */ = {
			isa = PBXGroup;
			children = (
				23FFE9A02A7504CE0099C07E /* CaffeViewController.swift */,
				23EE168B2A779D9C00C0F3CD /* Model */,
				23EE168E2A77CD1700C0F3CD /* Detailed Caffe Screen */,
				23EE16862A7742B200C0F3CD /* Cell */,
			);
			path = "Caffe List Screen";
			sourceTree = "<group>";
		};
		23EE16852A77423900C0F3CD /* QR Card Screen */ = {
			isa = PBXGroup;
			children = (
				23FFE9A22A7504F10099C07E /* QRViewController.swift */,
			);
			path = "QR Card Screen";
			sourceTree = "<group>";
		};
		23EE16862A7742B200C0F3CD /* Cell */ = {
			isa = PBXGroup;
			children = (
				23EE16872A7742DF00C0F3CD /* CaffeTableViewCell.swift */,
				23EE16882A7742DF00C0F3CD /* CaffeTableViewCell.xib */,
			);
			path = Cell;
			sourceTree = "<group>";
		};
		23EE168B2A779D9C00C0F3CD /* Model */ = {
			isa = PBXGroup;
			children = (
				23EE168C2A779DDA00C0F3CD /* CaffeModel.swift */,
			);
			path = Model;
			sourceTree = "<group>";
		};
		23EE168E2A77CD1700C0F3CD /* Detailed Caffe Screen */ = {
			isa = PBXGroup;
			children = (
				23EE168F2A77CD4500C0F3CD /* CaffeDetailedViewController.swift */,
				23EE16902A77CD4500C0F3CD /* CaffeDetailedViewController.xib */,
			);
			path = "Detailed Caffe Screen";
			sourceTree = "<group>";
		};
		23FFE97C2A746AEC0099C07E = {
			isa = PBXGroup;
			children = (
				23FFE9872A746AEC0099C07E /* Coffe Test App */,
				23FFE9862A746AEC0099C07E /* Products */,
			);
			sourceTree = "<group>";
		};
		23FFE9862A746AEC0099C07E /* Products */ = {
			isa = PBXGroup;
			children = (
				23FFE9852A746AEC0099C07E /* Coffe Test App.app */,
			);
			name = Products;
			sourceTree = "<group>";
		};
		23FFE9872A746AEC0099C07E /* Coffe Test App */ = {
			isa = PBXGroup;
			children = (
				23FFE9A42A7568FF0099C07E /* App */,
				23EE16832A77421100C0F3CD /* Main Screen */,
				23EE16842A77422300C0F3CD /* Caffe List Screen */,
				23EE16852A77423900C0F3CD /* QR Card Screen */,
				23EE16822A7741F100C0F3CD /* Tabbar */,
				23FFE98E2A746AEC0099C07E /* Main.storyboard */,
				23FFE9A52A75690B0099C07E /* Resources */,
				23FFE9962A746AEF0099C07E /* Info.plist */,
			);
			path = "Coffe Test App";
			sourceTree = "<group>";
		};
		23FFE9A42A7568FF0099C07E /* App */ = {
			isa = PBXGroup;
			children = (
				23FFE9882A746AEC0099C07E /* AppDelegate.swift */,
				23FFE98A2A746AEC0099C07E /* SceneDelegate.swift */,
			);
			path = App;
			sourceTree = "<group>";
		};
		23FFE9A52A75690B0099C07E /* Resources */ = {
			isa = PBXGroup;
			children = (
				23FFE9912A746AEF0099C07E /* Assets.xcassets */,
				23FFE9932A746AEF0099C07E /* LaunchScreen.storyboard */,
			);
			path = Resources;
			sourceTree = "<group>";
		};
/* End PBXGroup section */

/* Begin PBXNativeTarget section */
		23FFE9842A746AEC0099C07E /* Coffe Test App */ = {
			isa = PBXNativeTarget;
			buildConfigurationList = 23FFE9992A746AEF0099C07E /* Build configuration list for PBXNativeTarget "Coffe Test App" */;
			buildPhases = (
				23FFE9812A746AEC0099C07E /* Sources */,
				23FFE9822A746AEC0099C07E /* Frameworks */,
				23FFE9832A746AEC0099C07E /* Resources */,
			);
			buildRules = (
			);
			dependencies = (
			);
			name = "Coffe Test App";
			productName = "Coffe Test App";
			productReference = 23FFE9852A746AEC0099C07E /* Coffe Test App.app */;
			productType = "com.apple.product-type.application";
		};
/* End PBXNativeTarget section */

/* Begin PBXProject section */
		23FFE97D2A746AEC0099C07E /* Project object */ = {
			isa = PBXProject;
			attributes = {
				BuildIndependentTargetsInParallel = 1;
				LastSwiftUpdateCheck = 1430;
				LastUpgradeCheck = 1430;
				TargetAttributes = {
					23FFE9842A746AEC0099C07E = {
						CreatedOnToolsVersion = 14.3.1;
					};
				};
			};
			buildConfigurationList = 23FFE9802A746AEC0099C07E /* Build configuration list for PBXProject "Coffe Test App" */;
			compatibilityVersion = "Xcode 14.0";
			developmentRegion = en;
			hasScannedForEncodings = 0;
			knownRegions = (
				en,
				Base,
			);
			mainGroup = 23FFE97C2A746AEC0099C07E;
			productRefGroup = 23FFE9862A746AEC0099C07E /* Products */;
			projectDirPath = "";
			projectRoot = "";
			targets = (
				23FFE9842A746AEC0099C07E /* Coffe Test App */,
			);
		};
/* End PBXProject section */

/* Begin PBXResourcesBuildPhase section */
		23FFE9832A746AEC0099C07E /* Resources */ = {
			isa = PBXResourcesBuildPhase;
			buildActionMask = 2147483647;
			files = (
				23FFE9952A746AEF0099C07E /* LaunchScreen.storyboard in Resources */,
				23FFE9922A746AEF0099C07E /* Assets.xcassets in Resources */,
				23FFE9902A746AEC0099C07E /* Main.storyboard in Resources */,
				23EE16922A77CD4500C0F3CD /* CaffeDetailedViewController.xib in Resources */,
				23EE168A2A7742DF00C0F3CD /* CaffeTableViewCell.xib in Resources */,
				23B515482A78340900D21030 /* NewsCollectionViewCell.xib in Resources */,
			);
			runOnlyForDeploymentPostprocessing = 0;
		};
/* End PBXResourcesBuildPhase section */

/* Begin PBXSourcesBuildPhase section */
		23FFE9812A746AEC0099C07E /* Sources */ = {
			isa = PBXSourcesBuildPhase;
			buildActionMask = 2147483647;
			files = (
				23EE16912A77CD4500C0F3CD /* CaffeDetailedViewController.swift in Sources */,
				23B5154C2A78E16100D21030 /* File.swift in Sources */,
				23FFE9A12A7504CE0099C07E /* CaffeViewController.swift in Sources */,
				23EE168D2A779DDA00C0F3CD /* CaffeModel.swift in Sources */,
				23B515472A78340900D21030 /* NewsCollectionViewCell.swift in Sources */,
				23FFE98D2A746AEC0099C07E /* MainViewController.swift in Sources */,
				23FFE99F2A746C850099C07E /* TabBarWithCorners.swift in Sources */,
				23EE16892A7742DF00C0F3CD /* CaffeTableViewCell.swift in Sources */,
				23FFE9A32A7504F10099C07E /* QRViewController.swift in Sources */,
				23FFE99D2A746B790099C07E /* TabBarController.swift in Sources */,
				23FFE9892A746AEC0099C07E /* AppDelegate.swift in Sources */,
				23FFE98B2A746AEC0099C07E /* SceneDelegate.swift in Sources */,
			);
			runOnlyForDeploymentPostprocessing = 0;
		};
/* End PBXSourcesBuildPhase section */

/* Begin PBXVariantGroup section */
		23FFE98E2A746AEC0099C07E /* Main.storyboard */ = {
			isa = PBXVariantGroup;
			children = (
				23FFE98F2A746AEC0099C07E /* Base */,
			);
			name = Main.storyboard;
			sourceTree = "<group>";
		};
		23FFE9932A746AEF0099C07E /* LaunchScreen.storyboard */ = {
			isa = PBXVariantGroup;
			children = (
				23FFE9942A746AEF0099C07E /* Base */,
			);
			name = LaunchScreen.storyboard;
			sourceTree = "<group>";
		};
/* End PBXVariantGroup section */

/* Begin XCBuildConfiguration section */
		23FFE9972A746AEF0099C07E /* Debug */ = {
			isa = XCBuildConfiguration;
			buildSettings = {
				ALWAYS_SEARCH_USER_PATHS = NO;
				CLANG_ANALYZER_NONNULL = YES;
				CLANG_ANALYZER_NUMBER_OBJECT_CONVERSION = YES_AGGRESSIVE;
				CLANG_CXX_LANGUAGE_STANDARD = "gnu++20";
				CLANG_ENABLE_MODULES = YES;
				CLANG_ENABLE_OBJC_ARC = YES;
				CLANG_ENABLE_OBJC_WEAK = YES;
				CLANG_WARN_BLOCK_CAPTURE_AUTORELEASING = YES;
				CLANG_WARN_BOOL_CONVERSION = YES;
				CLANG_WARN_COMMA = YES;
				CLANG_WARN_CONSTANT_CONVERSION = YES;
				CLANG_WARN_DEPRECATED_OBJC_IMPLEMENTATIONS = YES;
				CLANG_WARN_DIRECT_OBJC_ISA_USAGE = YES_ERROR;
				CLANG_WARN_DOCUMENTATION_COMMENTS = YES;
				CLANG_WARN_EMPTY_BODY = YES;
				CLANG_WARN_ENUM_CONVERSION = YES;
				CLANG_WARN_INFINITE_RECURSION = YES;
				CLANG_WARN_INT_CONVERSION = YES;
				CLANG_WARN_NON_LITERAL_NULL_CONVERSION = YES;
				CLANG_WARN_OBJC_IMPLICIT_RETAIN_SELF = YES;
				CLANG_WARN_OBJC_LITERAL_CONVERSION = YES;
				CLANG_WARN_OBJC_ROOT_CLASS = YES_ERROR;
				CLANG_WARN_QUOTED_INCLUDE_IN_FRAMEWORK_HEADER = YES;
				CLANG_WARN_RANGE_LOOP_ANALYSIS = YES;
				CLANG_WARN_STRICT_PROTOTYPES = YES;
				CLANG_WARN_SUSPICIOUS_MOVE = YES;
				CLANG_WARN_UNGUARDED_AVAILABILITY = YES_AGGRESSIVE;
				CLANG_WARN_UNREACHABLE_CODE = YES;
				CLANG_WARN__DUPLICATE_METHOD_MATCH = YES;
				COPY_PHASE_STRIP = NO;
				DEBUG_INFORMATION_FORMAT = dwarf;
				ENABLE_STRICT_OBJC_MSGSEND = YES;
				ENABLE_TESTABILITY = YES;
				GCC_C_LANGUAGE_STANDARD = gnu11;
				GCC_DYNAMIC_NO_PIC = NO;
				GCC_NO_COMMON_BLOCKS = YES;
				GCC_OPTIMIZATION_LEVEL = 0;
				GCC_PREPROCESSOR_DEFINITIONS = (
					"DEBUG=1",
					"$(inherited)",
				);
				GCC_WARN_64_TO_32_BIT_CONVERSION = YES;
				GCC_WARN_ABOUT_RETURN_TYPE = YES_ERROR;
				GCC_WARN_UNDECLARED_SELECTOR = YES;
				GCC_WARN_UNINITIALIZED_AUTOS = YES_AGGRESSIVE;
				GCC_WARN_UNUSED_FUNCTION = YES;
				GCC_WARN_UNUSED_VARIABLE = YES;
				IPHONEOS_DEPLOYMENT_TARGET = 16.4;
				MTL_ENABLE_DEBUG_INFO = INCLUDE_SOURCE;
				MTL_FAST_MATH = YES;
				ONLY_ACTIVE_ARCH = YES;
				SDKROOT = iphoneos;
				SWIFT_ACTIVE_COMPILATION_CONDITIONS = DEBUG;
				SWIFT_OPTIMIZATION_LEVEL = "-Onone";
			};
			name = Debug;
		};
		23FFE9982A746AEF0099C07E /* Release */ = {
			isa = XCBuildConfiguration;
			buildSettings = {
				ALWAYS_SEARCH_USER_PATHS = NO;
				CLANG_ANALYZER_NONNULL = YES;
				CLANG_ANALYZER_NUMBER_OBJECT_CONVERSION = YES_AGGRESSIVE;
				CLANG_CXX_LANGUAGE_STANDARD = "gnu++20";
				CLANG_ENABLE_MODULES = YES;
				CLANG_ENABLE_OBJC_ARC = YES;
				CLANG_ENABLE_OBJC_WEAK = YES;
				CLANG_WARN_BLOCK_CAPTURE_AUTORELEASING = YES;
				CLANG_WARN_BOOL_CONVERSION = YES;
				CLANG_WARN_COMMA = YES;
				CLANG_WARN_CONSTANT_CONVERSION = YES;
				CLANG_WARN_DEPRECATED_OBJC_IMPLEMENTATIONS = YES;
				CLANG_WARN_DIRECT_OBJC_ISA_USAGE = YES_ERROR;
				CLANG_WARN_DOCUMENTATION_COMMENTS = YES;
				CLANG_WARN_EMPTY_BODY = YES;
				CLANG_WARN_ENUM_CONVERSION = YES;
				CLANG_WARN_INFINITE_RECURSION = YES;
				CLANG_WARN_INT_CONVERSION = YES;
				CLANG_WARN_NON_LITERAL_NULL_CONVERSION = YES;
				CLANG_WARN_OBJC_IMPLICIT_RETAIN_SELF = YES;
				CLANG_WARN_OBJC_LITERAL_CONVERSION = YES;
				CLANG_WARN_OBJC_ROOT_CLASS = YES_ERROR;
				CLANG_WARN_QUOTED_INCLUDE_IN_FRAMEWORK_HEADER = YES;
				CLANG_WARN_RANGE_LOOP_ANALYSIS = YES;
				CLANG_WARN_STRICT_PROTOTYPES = YES;
				CLANG_WARN_SUSPICIOUS_MOVE = YES;
				CLANG_WARN_UNGUARDED_AVAILABILITY = YES_AGGRESSIVE;
				CLANG_WARN_UNREACHABLE_CODE = YES;
				CLANG_WARN__DUPLICATE_METHOD_MATCH = YES;
				COPY_PHASE_STRIP = NO;
				DEBUG_INFORMATION_FORMAT = "dwarf-with-dsym";
				ENABLE_NS_ASSERTIONS = NO;
				ENABLE_STRICT_OBJC_MSGSEND = YES;
				GCC_C_LANGUAGE_STANDARD = gnu11;
				GCC_NO_COMMON_BLOCKS = YES;
				GCC_WARN_64_TO_32_BIT_CONVERSION = YES;
				GCC_WARN_ABOUT_RETURN_TYPE = YES_ERROR;
				GCC_WARN_UNDECLARED_SELECTOR = YES;
				GCC_WARN_UNINITIALIZED_AUTOS = YES_AGGRESSIVE;
				GCC_WARN_UNUSED_FUNCTION = YES;
				GCC_WARN_UNUSED_VARIABLE = YES;
				IPHONEOS_DEPLOYMENT_TARGET = 16.4;
				MTL_ENABLE_DEBUG_INFO = NO;
				MTL_FAST_MATH = YES;
				SDKROOT = iphoneos;
				SWIFT_COMPILATION_MODE = wholemodule;
				SWIFT_OPTIMIZATION_LEVEL = "-O";
				VALIDATE_PRODUCT = YES;
			};
			name = Release;
		};
		23FFE99A2A746AEF0099C07E /* Debug */ = {
			isa = XCBuildConfiguration;
			buildSettings = {
				ASSETCATALOG_COMPILER_APPICON_NAME = AppIcon;
				ASSETCATALOG_COMPILER_GLOBAL_ACCENT_COLOR_NAME = AccentColor;
				CODE_SIGN_STYLE = Automatic;
				CURRENT_PROJECT_VERSION = 1;
				DEVELOPMENT_TEAM = 75DSYQ758V;
				GENERATE_INFOPLIST_FILE = YES;
				INFOPLIST_FILE = "Coffe Test App/Info.plist";
				INFOPLIST_KEY_UIApplicationSupportsIndirectInputEvents = YES;
				INFOPLIST_KEY_UILaunchStoryboardName = LaunchScreen;
				INFOPLIST_KEY_UIMainStoryboardFile = Main;
				INFOPLIST_KEY_UISupportedInterfaceOrientations = UIInterfaceOrientationPortrait;
				INFOPLIST_KEY_UISupportedInterfaceOrientations_iPad = "UIInterfaceOrientationLandscapeLeft UIInterfaceOrientationLandscapeRight UIInterfaceOrientationPortrait UIInterfaceOrientationPortraitUpsideDown";
				LD_RUNPATH_SEARCH_PATHS = (
					"$(inherited)",
					"@executable_path/Frameworks",
				);
				MARKETING_VERSION = 1.0;
				PRODUCT_BUNDLE_IDENTIFIER = "com.behApp.Coffe-Test-App";
				PRODUCT_NAME = "$(TARGET_NAME)";
				SUPPORTED_PLATFORMS = "iphoneos iphonesimulator";
				SUPPORTS_MACCATALYST = NO;
				SUPPORTS_MAC_DESIGNED_FOR_IPHONE_IPAD = YES;
				SWIFT_EMIT_LOC_STRINGS = YES;
				SWIFT_VERSION = 5.0;
				TARGETED_DEVICE_FAMILY = 1;
			};
			name = Debug;
		};
		23FFE99B2A746AEF0099C07E /* Release */ = {
			isa = XCBuildConfiguration;
			buildSettings = {
				ASSETCATALOG_COMPILER_APPICON_NAME = AppIcon;
				ASSETCATALOG_COMPILER_GLOBAL_ACCENT_COLOR_NAME = AccentColor;
				CODE_SIGN_STYLE = Automatic;
				CURRENT_PROJECT_VERSION = 1;
				DEVELOPMENT_TEAM = 75DSYQ758V;
				GENERATE_INFOPLIST_FILE = YES;
				INFOPLIST_FILE = "Coffe Test App/Info.plist";
				INFOPLIST_KEY_UIApplicationSupportsIndirectInputEvents = YES;
				INFOPLIST_KEY_UILaunchStoryboardName = LaunchScreen;
				INFOPLIST_KEY_UIMainStoryboardFile = Main;
				INFOPLIST_KEY_UISupportedInterfaceOrientations = UIInterfaceOrientationPortrait;
				INFOPLIST_KEY_UISupportedInterfaceOrientations_iPad = "UIInterfaceOrientationLandscapeLeft UIInterfaceOrientationLandscapeRight UIInterfaceOrientationPortrait UIInterfaceOrientationPortraitUpsideDown";
				LD_RUNPATH_SEARCH_PATHS = (
					"$(inherited)",
					"@executable_path/Frameworks",
				);
				MARKETING_VERSION = 1.0;
				PRODUCT_BUNDLE_IDENTIFIER = "com.behApp.Coffe-Test-App";
				PRODUCT_NAME = "$(TARGET_NAME)";
				SUPPORTED_PLATFORMS = "iphoneos iphonesimulator";
				SUPPORTS_MACCATALYST = NO;
				SUPPORTS_MAC_DESIGNED_FOR_IPHONE_IPAD = YES;
				SWIFT_EMIT_LOC_STRINGS = YES;
				SWIFT_VERSION = 5.0;
				TARGETED_DEVICE_FAMILY = 1;
			};
			name = Release;
		};
/* End XCBuildConfiguration section */

/* Begin XCConfigurationList section */
		23FFE9802A746AEC0099C07E /* Build configuration list for PBXProject "Coffe Test App" */ = {
			isa = XCConfigurationList;
			buildConfigurations = (
				23FFE9972A746AEF0099C07E /* Debug */,
				23FFE9982A746AEF0099C07E /* Release */,
			);
			defaultConfigurationIsVisible = 0;
			defaultConfigurationName = Release;
		};
		23FFE9992A746AEF0099C07E /* Build configuration list for PBXNativeTarget "Coffe Test App" */ = {
			isa = XCConfigurationList;
			buildConfigurations = (
				23FFE99A2A746AEF0099C07E /* Debug */,
				23FFE99B2A746AEF0099C07E /* Release */,
			);
			defaultConfigurationIsVisible = 0;
			defaultConfigurationName = Release;
		};
/* End XCConfigurationList section */
	};
	rootObject = 23FFE97D2A746AEC0099C07E /* Project object */;
}
